
Microsoft Visual Studio Solution File, Format Version 12.00
# Visual Studio 14
VisualStudioVersion = 14.0.24720.0
MinimumVisualStudioVersion = 10.0.40219.1
Project("{FAE04EC0-301F-11D3-BF4B-00C04F79EFBC}") = "TouristWayApp", "TouristWayApp\TouristWayApp.csproj", "{30B60199-9EB0-4DF2-A9FA-668AB00074DA}"
EndProject
Project("{2150E333-8FDC-42A3-9474-1A3956D46DE8}") = "TouristWayModels", "TouristWayModels", "{439A1532-0562-433B-AEC9-0F6BD8F997F4}"
EndProject
Project("{FAE04EC0-301F-11D3-BF4B-00C04F79EFBC}") = "Models", "Core\Models.csproj", "{FAC7BBE2-368A-48BC-A80A-0BB0192B7DB8}"
EndProject
Project("{FAE04EC0-301F-11D3-BF4B-00C04F79EFBC}") = "ModelInterfaces", "CoreInterfaces\ModelInterfaces.csproj", "{507F2587-3236-4DFC-BAAF-480BD3A07CEF}"
EndProject
Project("{2150E333-8FDC-42A3-9474-1A3956D46DE8}") = "Services", "Services", "{B1C1248E-2E5A-44D4-AC23-50EC5B0BBAE3}"
EndProject
Project("{FAE04EC0-301F-11D3-BF4B-00C04F79EFBC}") = "Interfaces", "Interfaces\Interfaces.csproj", "{D59BB583-13B9-48D6-9CFF-2258D58A8D88}"
EndProject
Project("{2150E333-8FDC-42A3-9474-1A3956D46DE8}") = "DataLink", "DataLink", "{025484BB-94B7-47AE-B915-1D84E132D32D}"
EndProject
Project("{FAE04EC0-301F-11D3-BF4B-00C04F79EFBC}") = "DBLink", "Data\DBLink.csproj", "{4E8E97BE-ADC7-4E00-B79F-31FD84EC5237}"
EndProject
Project("{FAE04EC0-301F-11D3-BF4B-00C04F79EFBC}") = "BusinessLogic", "BusinessLogic\BusinessLogic.csproj", "{23180E05-8C72-44D7-B488-29FB6394190A}"
EndProject
Project("{2150E333-8FDC-42A3-9474-1A3956D46DE8}") = "Dependencies", "Dependencies", "{E0EE64E8-987A-42ED-AB84-0E873E458399}"
EndProject
Project("{FAE04EC0-301F-11D3-BF4B-00C04F79EFBC}") = "TouristWayDependencies", "TouristWayDependencies\TouristWayDependencies.csproj", "{CFFE4E3A-6A76-4294-84B5-00F9236B266F}"
EndProject
Project("{2150E333-8FDC-42A3-9474-1A3956D46DE8}") = "ViewModels", "ViewModels", "{E1B0DE1F-4354-4E30-B917-7835324162DD}"
EndProject
Project("{FAE04EC0-301F-11D3-BF4B-00C04F79EFBC}") = "TouristAppViewModels", "TouristAppViewModels\TouristAppViewModels.csproj", "{93F6350F-9F12-4440-88F7-51D88E13290B}"
EndProject
Global
	GlobalSection(SolutionConfigurationPlatforms) = preSolution
		Debug|Any CPU = Debug|Any CPU
		Release|Any CPU = Release|Any CPU
	EndGlobalSection
	GlobalSection(ProjectConfigurationPlatforms) = postSolution
		{30B60199-9EB0-4DF2-A9FA-668AB00074DA}.Debug|Any CPU.ActiveCfg = Debug|Any CPU
		{30B60199-9EB0-4DF2-A9FA-668AB00074DA}.Debug|Any CPU.Build.0 = Debug|Any CPU
		{30B60199-9EB0-4DF2-A9FA-668AB00074DA}.Release|Any CPU.ActiveCfg = Release|Any CPU
		{30B60199-9EB0-4DF2-A9FA-668AB00074DA}.Release|Any CPU.Build.0 = Release|Any CPU
		{FAC7BBE2-368A-48BC-A80A-0BB0192B7DB8}.Debug|Any CPU.ActiveCfg = Debug|Any CPU
		{FAC7BBE2-368A-48BC-A80A-0BB0192B7DB8}.Debug|Any CPU.Build.0 = Debug|Any CPU
		{FAC7BBE2-368A-48BC-A80A-0BB0192B7DB8}.Release|Any CPU.ActiveCfg = Release|Any CPU
		{FAC7BBE2-368A-48BC-A80A-0BB0192B7DB8}.Release|Any CPU.Build.0 = Release|Any CPU
		{507F2587-3236-4DFC-BAAF-480BD3A07CEF}.Debug|Any CPU.ActiveCfg = Debug|Any CPU
		{507F2587-3236-4DFC-BAAF-480BD3A07CEF}.Debug|Any CPU.Build.0 = Debug|Any CPU
		{507F2587-3236-4DFC-BAAF-480BD3A07CEF}.Release|Any CPU.ActiveCfg = Release|Any CPU
		{507F2587-3236-4DFC-BAAF-480BD3A07CEF}.Release|Any CPU.Build.0 = Release|Any CPU
		{D59BB583-13B9-48D6-9CFF-2258D58A8D88}.Debug|Any CPU.ActiveCfg = Debug|Any CPU
		{D59BB583-13B9-48D6-9CFF-2258D58A8D88}.Debug|Any CPU.Build.0 = Debug|Any CPU
		{D59BB583-13B9-48D6-9CFF-2258D58A8D88}.Release|Any CPU.ActiveCfg = Release|Any CPU
		{D59BB583-13B9-48D6-9CFF-2258D58A8D88}.Release|Any CPU.Build.0 = Release|Any CPU
		{4E8E97BE-ADC7-4E00-B79F-31FD84EC5237}.Debug|Any CPU.ActiveCfg = Debug|Any CPU
		{4E8E97BE-ADC7-4E00-B79F-31FD84EC5237}.Debug|Any CPU.Build.0 = Debug|Any CPU
		{4E8E97BE-ADC7-4E00-B79F-31FD84EC5237}.Release|Any CPU.ActiveCfg = Release|Any CPU
		{4E8E97BE-ADC7-4E00-B79F-31FD84EC5237}.Release|Any CPU.Build.0 = Release|Any CPU
		{23180E05-8C72-44D7-B488-29FB6394190A}.Debug|Any CPU.ActiveCfg = Debug|Any CPU
		{23180E05-8C72-44D7-B488-29FB6394190A}.Debug|Any CPU.Build.0 = Debug|Any CPU
		{23180E05-8C72-44D7-B488-29FB6394190A}.Release|Any CPU.ActiveCfg = Release|Any CPU
		{23180E05-8C72-44D7-B488-29FB6394190A}.Release|Any CPU.Build.0 = Release|Any CPU
		{CFFE4E3A-6A76-4294-84B5-00F9236B266F}.Debug|Any CPU.ActiveCfg = Debug|Any CPU
		{CFFE4E3A-6A76-4294-84B5-00F9236B266F}.Debug|Any CPU.Build.0 = Debug|Any CPU
		{CFFE4E3A-6A76-4294-84B5-00F9236B266F}.Release|Any CPU.ActiveCfg = Release|Any CPU
		{CFFE4E3A-6A76-4294-84B5-00F9236B266F}.Release|Any CPU.Build.0 = Release|Any CPU
		{93F6350F-9F12-4440-88F7-51D88E13290B}.Debug|Any CPU.ActiveCfg = Debug|Any CPU
		{93F6350F-9F12-4440-88F7-51D88E13290B}.Debug|Any CPU.Build.0 = Debug|Any CPU
		{93F6350F-9F12-4440-88F7-51D88E13290B}.Release|Any CPU.ActiveCfg = Release|Any CPU
		{93F6350F-9F12-4440-88F7-51D88E13290B}.Release|Any CPU.Build.0 = Release|Any CPU
	EndGlobalSection
	GlobalSection(SolutionProperties) = preSolution
		HideSolutionNode = FALSE
	EndGlobalSection
	GlobalSection(NestedProjects) = preSolution
		{FAC7BBE2-368A-48BC-A80A-0BB0192B7DB8} = {439A1532-0562-433B-AEC9-0F6BD8F997F4}
		{507F2587-3236-4DFC-BAAF-480BD3A07CEF} = {439A1532-0562-433B-AEC9-0F6BD8F997F4}
		{D59BB583-13B9-48D6-9CFF-2258D58A8D88} = {B1C1248E-2E5A-44D4-AC23-50EC5B0BBAE3}
		{4E8E97BE-ADC7-4E00-B79F-31FD84EC5237} = {025484BB-94B7-47AE-B915-1D84E132D32D}
		{23180E05-8C72-44D7-B488-29FB6394190A} = {B1C1248E-2E5A-44D4-AC23-50EC5B0BBAE3}
		{CFFE4E3A-6A76-4294-84B5-00F9236B266F} = {E0EE64E8-987A-42ED-AB84-0E873E458399}
		{93F6350F-9F12-4440-88F7-51D88E13290B} = {E1B0DE1F-4354-4E30-B917-7835324162DD}
	EndGlobalSection
EndGlobal
